// !$*UTF8*$!
{
	archiveVersion = 1;
	classes = {
	};
	objectVersion = 56;
	objects = {

/* Begin PBXBuildFile section */
		2A3AC87E2BBD6F1A006D44B2 /* constantsForAPI.swift in Sources */ = {isa = PBXBuildFile; fileRef = 2A3AC87D2BBD6F1A006D44B2 /* constantsForAPI.swift */; };
		2A3AC8812BBD7248006D44B2 /* UIViewController+Extension.swift in Sources */ = {isa = PBXBuildFile; fileRef = 2A3AC8802BBD7248006D44B2 /* UIViewController+Extension.swift */; };
		2A3AC8842BBD73A9006D44B2 /* SwiftyJSON.swift in Sources */ = {isa = PBXBuildFile; fileRef = 2A3AC8832BBD73A9006D44B2 /* SwiftyJSON.swift */; };
		2A3AC8882BBD7491006D44B2 /* MBProgressHUD.m in Sources */ = {isa = PBXBuildFile; fileRef = 2A3AC8872BBD7491006D44B2 /* MBProgressHUD.m */; };
		2A3AC88A2BBD76A4006D44B2 /* String+Extension.swift in Sources */ = {isa = PBXBuildFile; fileRef = 2A3AC8892BBD76A4006D44B2 /* String+Extension.swift */; };
		2A3AC8902BBD80FF006D44B2 /* characterCell.swift in Sources */ = {isa = PBXBuildFile; fileRef = 2A3AC88F2BBD80FF006D44B2 /* characterCell.swift */; };
		2A3AC8922BBD9066006D44B2 /* UIImageView+Extension.swift in Sources */ = {isa = PBXBuildFile; fileRef = 2A3AC8912BBD9066006D44B2 /* UIImageView+Extension.swift */; };
		2A3AC8942BBDA464006D44B2 /* detailsViewController.swift in Sources */ = {isa = PBXBuildFile; fileRef = 2A3AC8932BBDA464006D44B2 /* detailsViewController.swift */; };
		2A7A2F7C2BBAD254003BD90C /* AppDelegate.swift in Sources */ = {isa = PBXBuildFile; fileRef = 2A7A2F7B2BBAD254003BD90C /* AppDelegate.swift */; };
		2A7A2F7E2BBAD254003BD90C /* SceneDelegate.swift in Sources */ = {isa = PBXBuildFile; fileRef = 2A7A2F7D2BBAD254003BD90C /* SceneDelegate.swift */; };
		2A7A2F802BBAD254003BD90C /* characterViewController.swift in Sources */ = {isa = PBXBuildFile; fileRef = 2A7A2F7F2BBAD254003BD90C /* characterViewController.swift */; };
		2A7A2F832BBAD254003BD90C /* Base in Resources */ = {isa = PBXBuildFile; fileRef = 2A7A2F822BBAD254003BD90C /* Base */; };
		2A7A2F852BBAD256003BD90C /* Assets.xcassets in Resources */ = {isa = PBXBuildFile; fileRef = 2A7A2F842BBAD256003BD90C /* Assets.xcassets */; };
		2A7A2F882BBAD256003BD90C /* Base in Resources */ = {isa = PBXBuildFile; fileRef = 2A7A2F872BBAD256003BD90C /* Base */; };
		2A7C9CFB2BBE24CB009D6747 /* comicCell.swift in Sources */ = {isa = PBXBuildFile; fileRef = 2A7C9CFA2BBE24CB009D6747 /* comicCell.swift */; };
		2A7C9CFE2BC0460B009D6747 /* Services.swift in Sources */ = {isa = PBXBuildFile; fileRef = 2A7C9CFD2BC0460B009D6747 /* Services.swift */; };
/* End PBXBuildFile section */

/* Begin PBXFileReference section */
		2A3AC87D2BBD6F1A006D44B2 /* constantsForAPI.swift */ = {isa = PBXFileReference; lastKnownFileType = sourcecode.swift; path = constantsForAPI.swift; sourceTree = "<group>"; };
		2A3AC8802BBD7248006D44B2 /* UIViewController+Extension.swift */ = {isa = PBXFileReference; lastKnownFileType = sourcecode.swift; path = "UIViewController+Extension.swift"; sourceTree = "<group>"; };
		2A3AC8832BBD73A9006D44B2 /* SwiftyJSON.swift */ = {isa = PBXFileReference; fileEncoding = 4; lastKnownFileType = sourcecode.swift; path = SwiftyJSON.swift; sourceTree = "<group>"; };
		2A3AC8852BBD7491006D44B2 /* marvelChallenge-Bridging-Header.h */ = {isa = PBXFileReference; lastKnownFileType = sourcecode.c.h; path = "marvelChallenge-Bridging-Header.h"; sourceTree = "<group>"; };
		2A3AC8862BBD7491006D44B2 /* MBProgressHUD.h */ = {isa = PBXFileReference; fileEncoding = 4; lastKnownFileType = sourcecode.c.h; path = MBProgressHUD.h; sourceTree = "<group>"; };
		2A3AC8872BBD7491006D44B2 /* MBProgressHUD.m */ = {isa = PBXFileReference; fileEncoding = 4; lastKnownFileType = sourcecode.c.objc; path = MBProgressHUD.m; sourceTree = "<group>"; };
		2A3AC8892BBD76A4006D44B2 /* String+Extension.swift */ = {isa = PBXFileReference; lastKnownFileType = sourcecode.swift; path = "String+Extension.swift"; sourceTree = "<group>"; };
		2A3AC88F2BBD80FF006D44B2 /* characterCell.swift */ = {isa = PBXFileReference; lastKnownFileType = sourcecode.swift; path = characterCell.swift; sourceTree = "<group>"; };
		2A3AC8912BBD9066006D44B2 /* UIImageView+Extension.swift */ = {isa = PBXFileReference; lastKnownFileType = sourcecode.swift; path = "UIImageView+Extension.swift"; sourceTree = "<group>"; };
		2A3AC8932BBDA464006D44B2 /* detailsViewController.swift */ = {isa = PBXFileReference; lastKnownFileType = sourcecode.swift; path = detailsViewController.swift; sourceTree = "<group>"; };
		2A7A2F782BBAD254003BD90C /* marvelChallenge.app */ = {isa = PBXFileReference; explicitFileType = wrapper.application; includeInIndex = 0; path = marvelChallenge.app; sourceTree = BUILT_PRODUCTS_DIR; };
		2A7A2F7B2BBAD254003BD90C /* AppDelegate.swift */ = {isa = PBXFileReference; lastKnownFileType = sourcecode.swift; path = AppDelegate.swift; sourceTree = "<group>"; };
		2A7A2F7D2BBAD254003BD90C /* SceneDelegate.swift */ = {isa = PBXFileReference; lastKnownFileType = sourcecode.swift; path = SceneDelegate.swift; sourceTree = "<group>"; };
		2A7A2F7F2BBAD254003BD90C /* characterViewController.swift */ = {isa = PBXFileReference; lastKnownFileType = sourcecode.swift; path = characterViewController.swift; sourceTree = "<group>"; };
		2A7A2F822BBAD254003BD90C /* Base */ = {isa = PBXFileReference; lastKnownFileType = file.storyboard; name = Base; path = Base.lproj/Main.storyboard; sourceTree = "<group>"; };
		2A7A2F842BBAD256003BD90C /* Assets.xcassets */ = {isa = PBXFileReference; lastKnownFileType = folder.assetcatalog; path = Assets.xcassets; sourceTree = "<group>"; };
		2A7A2F872BBAD256003BD90C /* Base */ = {isa = PBXFileReference; lastKnownFileType = file.storyboard; name = Base; path = Base.lproj/LaunchScreen.storyboard; sourceTree = "<group>"; };
		2A7A2F892BBAD256003BD90C /* Info.plist */ = {isa = PBXFileReference; lastKnownFileType = text.plist.xml; path = Info.plist; sourceTree = "<group>"; };
		2A7C9CFA2BBE24CB009D6747 /* comicCell.swift */ = {isa = PBXFileReference; lastKnownFileType = sourcecode.swift; path = comicCell.swift; sourceTree = "<group>"; };
		2A7C9CFD2BC0460B009D6747 /* Services.swift */ = {isa = PBXFileReference; lastKnownFileType = sourcecode.swift; path = Services.swift; sourceTree = "<group>"; };
/* End PBXFileReference section */

/* Begin PBXFrameworksBuildPhase section */
		2A7A2F752BBAD254003BD90C /* Frameworks */ = {
			isa = PBXFrameworksBuildPhase;
			buildActionMask = 2147483647;
			files = (
			);
			runOnlyForDeploymentPostprocessing = 0;
		};
/* End PBXFrameworksBuildPhase section */

/* Begin PBXGroup section */
		2A3AC87C2BBD6EF0006D44B2 /* Constants */ = {
			isa = PBXGroup;
			children = (
				2A3AC87D2BBD6F1A006D44B2 /* constantsForAPI.swift */,
			);
			path = Constants;
			sourceTree = "<group>";
		};
		2A3AC87F2BBD721D006D44B2 /* Extension */ = {
			isa = PBXGroup;
			children = (
				2A3AC8802BBD7248006D44B2 /* UIViewController+Extension.swift */,
				2A3AC8892BBD76A4006D44B2 /* String+Extension.swift */,
				2A3AC8912BBD9066006D44B2 /* UIImageView+Extension.swift */,
			);
			path = Extension;
			sourceTree = "<group>";
		};
		2A3AC8822BBD7370006D44B2 /* ThirdParty */ = {
			isa = PBXGroup;
			children = (
				2A3AC8862BBD7491006D44B2 /* MBProgressHUD.h */,
				2A3AC8872BBD7491006D44B2 /* MBProgressHUD.m */,
				2A3AC8832BBD73A9006D44B2 /* SwiftyJSON.swift */,
				2A3AC8852BBD7491006D44B2 /* marvelChallenge-Bridging-Header.h */,
			);
			path = ThirdParty;
			sourceTree = "<group>";
		};
		2A3AC88B2BBD7CBF006D44B2 /* Model */ = {
			isa = PBXGroup;
			children = (
			);
			path = Model;
			sourceTree = "<group>";
		};
		2A3AC88E2BBD80DE006D44B2 /* CustomCell */ = {
			isa = PBXGroup;
			children = (
				2A3AC88F2BBD80FF006D44B2 /* characterCell.swift */,
				2A7C9CFA2BBE24CB009D6747 /* comicCell.swift */,
			);
			path = CustomCell;
			sourceTree = "<group>";
		};
		2A3AC8952BBDA468006D44B2 /* Viewcontrollers */ = {
			isa = PBXGroup;
			children = (
				2A7A2F7F2BBAD254003BD90C /* characterViewController.swift */,
				2A3AC8932BBDA464006D44B2 /* detailsViewController.swift */,
			);
			path = Viewcontrollers;
			sourceTree = "<group>";
		};
		2A7A2F6F2BBAD254003BD90C = {
			isa = PBXGroup;
			children = (
				2A7A2F7A2BBAD254003BD90C /* marvelChallenge */,
				2A7A2F792BBAD254003BD90C /* Products */,
			);
			sourceTree = "<group>";
		};
		2A7A2F792BBAD254003BD90C /* Products */ = {
			isa = PBXGroup;
			children = (
				2A7A2F782BBAD254003BD90C /* marvelChallenge.app */,
			);
			name = Products;
			sourceTree = "<group>";
		};
		2A7A2F7A2BBAD254003BD90C /* marvelChallenge */ = {
			isa = PBXGroup;
			children = (
				2A7C9CFC2BC045CC009D6747 /* Services */,
				2A3AC88E2BBD80DE006D44B2 /* CustomCell */,
				2A3AC88B2BBD7CBF006D44B2 /* Model */,
				2A3AC8822BBD7370006D44B2 /* ThirdParty */,
				2A3AC87F2BBD721D006D44B2 /* Extension */,
				2A3AC87C2BBD6EF0006D44B2 /* Constants */,
				2A7A2F7B2BBAD254003BD90C /* AppDelegate.swift */,
				2A7A2F7D2BBAD254003BD90C /* SceneDelegate.swift */,
				2A3AC8952BBDA468006D44B2 /* Viewcontrollers */,
				2A7A2F812BBAD254003BD90C /* Main.storyboard */,
				2A7A2F842BBAD256003BD90C /* Assets.xcassets */,
				2A7A2F862BBAD256003BD90C /* LaunchScreen.storyboard */,
				2A7A2F892BBAD256003BD90C /* Info.plist */,
			);
			path = marvelChallenge;
			sourceTree = "<group>";
		};
		2A7C9CFC2BC045CC009D6747 /* Services */ = {
			isa = PBXGroup;
			children = (
				2A7C9CFD2BC0460B009D6747 /* Services.swift */,
			);
			path = Services;
			sourceTree = "<group>";
		};
/* End PBXGroup section */

/* Begin PBXNativeTarget section */
		2A7A2F772BBAD254003BD90C /* marvelChallenge */ = {
			isa = PBXNativeTarget;
			buildConfigurationList = 2A7A2F8C2BBAD256003BD90C /* Build configuration list for PBXNativeTarget "marvelChallenge" */;
			buildPhases = (
				2A7A2F742BBAD254003BD90C /* Sources */,
				2A7A2F752BBAD254003BD90C /* Frameworks */,
				2A7A2F762BBAD254003BD90C /* Resources */,
			);
			buildRules = (
			);
			dependencies = (
			);
			name = marvelChallenge;
			productName = marvelChallenge;
			productReference = 2A7A2F782BBAD254003BD90C /* marvelChallenge.app */;
			productType = "com.apple.product-type.application";
		};
/* End PBXNativeTarget section */

/* Begin PBXProject section */
		2A7A2F702BBAD254003BD90C /* Project object */ = {
			isa = PBXProject;
			attributes = {
				BuildIndependentTargetsInParallel = 1;
				LastSwiftUpdateCheck = 1530;
				LastUpgradeCheck = 1530;
				TargetAttributes = {
					2A7A2F772BBAD254003BD90C = {
						CreatedOnToolsVersion = 15.3;
						LastSwiftMigration = 1530;
					};
				};
			};
			buildConfigurationList = 2A7A2F732BBAD254003BD90C /* Build configuration list for PBXProject "marvelChallenge" */;
			compatibilityVersion = "Xcode 14.0";
			developmentRegion = en;
			hasScannedForEncodings = 0;
			knownRegions = (
				en,
				Base,
			);
			mainGroup = 2A7A2F6F2BBAD254003BD90C;
			productRefGroup = 2A7A2F792BBAD254003BD90C /* Products */;
			projectDirPath = "";
			projectRoot = "";
			targets = (
				2A7A2F772BBAD254003BD90C /* marvelChallenge */,
			);
		};
/* End PBXProject section */

/* Begin PBXResourcesBuildPhase section */
		2A7A2F762BBAD254003BD90C /* Resources */ = {
			isa = PBXResourcesBuildPhase;
			buildActionMask = 2147483647;
			files = (
				2A7A2F852BBAD256003BD90C /* Assets.xcassets in Resources */,
				2A7A2F882BBAD256003BD90C /* Base in Resources */,
				2A7A2F832BBAD254003BD90C /* Base in Resources */,
			);
			runOnlyForDeploymentPostprocessing = 0;
		};
/* End PBXResourcesBuildPhase section */

/* Begin PBXSourcesBuildPhase section */
		2A7A2F742BBAD254003BD90C /* Sources */ = {
			isa = PBXSourcesBuildPhase;
			buildActionMask = 2147483647;
			files = (
				2A7C9CFE2BC0460B009D6747 /* Services.swift in Sources */,
				2A7A2F802BBAD254003BD90C /* characterViewController.swift in Sources */,
				2A7A2F7C2BBAD254003BD90C /* AppDelegate.swift in Sources */,
				2A3AC87E2BBD6F1A006D44B2 /* constantsForAPI.swift in Sources */,
				2A3AC88A2BBD76A4006D44B2 /* String+Extension.swift in Sources */,
				2A3AC8902BBD80FF006D44B2 /* characterCell.swift in Sources */,
				2A3AC8842BBD73A9006D44B2 /* SwiftyJSON.swift in Sources */,
				2A3AC8942BBDA464006D44B2 /* detailsViewController.swift in Sources */,
				2A3AC8922BBD9066006D44B2 /* UIImageView+Extension.swift in Sources */,
				2A3AC8812BBD7248006D44B2 /* UIViewController+Extension.swift in Sources */,
				2A7C9CFB2BBE24CB009D6747 /* comicCell.swift in Sources */,
				2A7A2F7E2BBAD254003BD90C /* SceneDelegate.swift in Sources */,
				2A3AC8882BBD7491006D44B2 /* MBProgressHUD.m in Sources */,
			);
			runOnlyForDeploymentPostprocessing = 0;
		};
/* End PBXSourcesBuildPhase section */

/* Begin PBXVariantGroup section */
		2A7A2F812BBAD254003BD90C /* Main.storyboard */ = {
			isa = PBXVariantGroup;
			children = (
				2A7A2F822BBAD254003BD90C /* Base */,
			);
			name = Main.storyboard;
			sourceTree = "<group>";
		};
		2A7A2F862BBAD256003BD90C /* LaunchScreen.storyboard */ = {
			isa = PBXVariantGroup;
			children = (
				2A7A2F872BBAD256003BD90C /* Base */,
			);
			name = LaunchScreen.storyboard;
			sourceTree = "<group>";
		};
/* End PBXVariantGroup section */

/* Begin XCBuildConfiguration section */
		2A7A2F8A2BBAD256003BD90C /* Debug */ = {
			isa = XCBuildConfiguration;
			buildSettings = {
				ALWAYS_SEARCH_USER_PATHS = NO;
				ASSETCATALOG_COMPILER_GENERATE_SWIFT_ASSET_SYMBOL_EXTENSIONS = YES;
				CLANG_ANALYZER_NONNULL = YES;
				CLANG_ANALYZER_NUMBER_OBJECT_CONVERSION = YES_AGGRESSIVE;
				CLANG_CXX_LANGUAGE_STANDARD = "gnu++20";
				CLANG_ENABLE_MODULES = YES;
				CLANG_ENABLE_OBJC_ARC = YES;
				CLANG_ENABLE_OBJC_WEAK = YES;
				CLANG_WARN_BLOCK_CAPTURE_AUTORELEASING = YES;
				CLANG_WARN_BOOL_CONVERSION = YES;
				CLANG_WARN_COMMA = YES;
				CLANG_WARN_CONSTANT_CONVERSION = YES;
				CLANG_WARN_DEPRECATED_OBJC_IMPLEMENTATIONS = YES;
				CLANG_WARN_DIRECT_OBJC_ISA_USAGE = YES_ERROR;
				CLANG_WARN_DOCUMENTATION_COMMENTS = YES;
				CLANG_WARN_EMPTY_BODY = YES;
				CLANG_WARN_ENUM_CONVERSION = YES;
				CLANG_WARN_INFINITE_RECURSION = YES;
				CLANG_WARN_INT_CONVERSION = YES;
				CLANG_WARN_NON_LITERAL_NULL_CONVERSION = YES;
				CLANG_WARN_OBJC_IMPLICIT_RETAIN_SELF = YES;
				CLANG_WARN_OBJC_LITERAL_CONVERSION = YES;
				CLANG_WARN_OBJC_ROOT_CLASS = YES_ERROR;
				CLANG_WARN_QUOTED_INCLUDE_IN_FRAMEWORK_HEADER = YES;
				CLANG_WARN_RANGE_LOOP_ANALYSIS = YES;
				CLANG_WARN_STRICT_PROTOTYPES = YES;
				CLANG_WARN_SUSPICIOUS_MOVE = YES;
				CLANG_WARN_UNGUARDED_AVAILABILITY = YES_AGGRESSIVE;
				CLANG_WARN_UNREACHABLE_CODE = YES;
				CLANG_WARN__DUPLICATE_METHOD_MATCH = YES;
				COPY_PHASE_STRIP = NO;
				DEBUG_INFORMATION_FORMAT = dwarf;
				ENABLE_STRICT_OBJC_MSGSEND = YES;
				ENABLE_TESTABILITY = YES;
				ENABLE_USER_SCRIPT_SANDBOXING = YES;
				GCC_C_LANGUAGE_STANDARD = gnu17;
				GCC_DYNAMIC_NO_PIC = NO;
				GCC_NO_COMMON_BLOCKS = YES;
				GCC_OPTIMIZATION_LEVEL = 0;
				GCC_PREPROCESSOR_DEFINITIONS = (
					"DEBUG=1",
					"$(inherited)",
				);
				GCC_WARN_64_TO_32_BIT_CONVERSION = YES;
				GCC_WARN_ABOUT_RETURN_TYPE = YES_ERROR;
				GCC_WARN_UNDECLARED_SELECTOR = YES;
				GCC_WARN_UNINITIALIZED_AUTOS = YES_AGGRESSIVE;
				GCC_WARN_UNUSED_FUNCTION = YES;
				GCC_WARN_UNUSED_VARIABLE = YES;
				IPHONEOS_DEPLOYMENT_TARGET = 17.4;
				LOCALIZATION_PREFERS_STRING_CATALOGS = YES;
				MTL_ENABLE_DEBUG_INFO = INCLUDE_SOURCE;
				MTL_FAST_MATH = YES;
				ONLY_ACTIVE_ARCH = YES;
				SDKROOT = iphoneos;
				SWIFT_ACTIVE_COMPILATION_CONDITIONS = "DEBUG $(inherited)";
				SWIFT_OPTIMIZATION_LEVEL = "-Onone";
			};
			name = Debug;
		};
		2A7A2F8B2BBAD256003BD90C /* Release */ = {
			isa = XCBuildConfiguration;
			buildSettings = {
				ALWAYS_SEARCH_USER_PATHS = NO;
				ASSETCATALOG_COMPILER_GENERATE_SWIFT_ASSET_SYMBOL_EXTENSIONS = YES;
				CLANG_ANALYZER_NONNULL = YES;
				CLANG_ANALYZER_NUMBER_OBJECT_CONVERSION = YES_AGGRESSIVE;
				CLANG_CXX_LANGUAGE_STANDARD = "gnu++20";
				CLANG_ENABLE_MODULES = YES;
				CLANG_ENABLE_OBJC_ARC = YES;
				CLANG_ENABLE_OBJC_WEAK = YES;
				CLANG_WARN_BLOCK_CAPTURE_AUTORELEASING = YES;
				CLANG_WARN_BOOL_CONVERSION = YES;
				CLANG_WARN_COMMA = YES;
				CLANG_WARN_CONSTANT_CONVERSION = YES;
				CLANG_WARN_DEPRECATED_OBJC_IMPLEMENTATIONS = YES;
				CLANG_WARN_DIRECT_OBJC_ISA_USAGE = YES_ERROR;
				CLANG_WARN_DOCUMENTATION_COMMENTS = YES;
				CLANG_WARN_EMPTY_BODY = YES;
				CLANG_WARN_ENUM_CONVERSION = YES;
				CLANG_WARN_INFINITE_RECURSION = YES;
				CLANG_WARN_INT_CONVERSION = YES;
				CLANG_WARN_NON_LITERAL_NULL_CONVERSION = YES;
				CLANG_WARN_OBJC_IMPLICIT_RETAIN_SELF = YES;
				CLANG_WARN_OBJC_LITERAL_CONVERSION = YES;
				CLANG_WARN_OBJC_ROOT_CLASS = YES_ERROR;
				CLANG_WARN_QUOTED_INCLUDE_IN_FRAMEWORK_HEADER = YES;
				CLANG_WARN_RANGE_LOOP_ANALYSIS = YES;
				CLANG_WARN_STRICT_PROTOTYPES = YES;
				CLANG_WARN_SUSPICIOUS_MOVE = YES;
				CLANG_WARN_UNGUARDED_AVAILABILITY = YES_AGGRESSIVE;
				CLANG_WARN_UNREACHABLE_CODE = YES;
				CLANG_WARN__DUPLICATE_METHOD_MATCH = YES;
				COPY_PHASE_STRIP = NO;
				DEBUG_INFORMATION_FORMAT = "dwarf-with-dsym";
				ENABLE_NS_ASSERTIONS = NO;
				ENABLE_STRICT_OBJC_MSGSEND = YES;
				ENABLE_USER_SCRIPT_SANDBOXING = YES;
				GCC_C_LANGUAGE_STANDARD = gnu17;
				GCC_NO_COMMON_BLOCKS = YES;
				GCC_WARN_64_TO_32_BIT_CONVERSION = YES;
				GCC_WARN_ABOUT_RETURN_TYPE = YES_ERROR;
				GCC_WARN_UNDECLARED_SELECTOR = YES;
				GCC_WARN_UNINITIALIZED_AUTOS = YES_AGGRESSIVE;
				GCC_WARN_UNUSED_FUNCTION = YES;
				GCC_WARN_UNUSED_VARIABLE = YES;
				IPHONEOS_DEPLOYMENT_TARGET = 17.4;
				LOCALIZATION_PREFERS_STRING_CATALOGS = YES;
				MTL_ENABLE_DEBUG_INFO = NO;
				MTL_FAST_MATH = YES;
				SDKROOT = iphoneos;
				SWIFT_COMPILATION_MODE = wholemodule;
				VALIDATE_PRODUCT = YES;
			};
			name = Release;
		};
		2A7A2F8D2BBAD256003BD90C /* Debug */ = {
			isa = XCBuildConfiguration;
			buildSettings = {
				ASSETCATALOG_COMPILER_APPICON_NAME = AppIcon;
				ASSETCATALOG_COMPILER_GLOBAL_ACCENT_COLOR_NAME = AccentColor;
				CLANG_ENABLE_MODULES = YES;
				CODE_SIGN_STYLE = Automatic;
				CURRENT_PROJECT_VERSION = 1;
				DEVELOPMENT_TEAM = 92434FQTN2;
				GENERATE_INFOPLIST_FILE = YES;
				INFOPLIST_FILE = marvelChallenge/Info.plist;
				INFOPLIST_KEY_UIApplicationSupportsIndirectInputEvents = YES;
				INFOPLIST_KEY_UILaunchStoryboardName = LaunchScreen;
				INFOPLIST_KEY_UIMainStoryboardFile = Main;
				INFOPLIST_KEY_UISupportedInterfaceOrientations_iPad = "UIInterfaceOrientationPortrait UIInterfaceOrientationPortraitUpsideDown UIInterfaceOrientationLandscapeLeft UIInterfaceOrientationLandscapeRight";
				INFOPLIST_KEY_UISupportedInterfaceOrientations_iPhone = "UIInterfaceOrientationPortrait UIInterfaceOrientationLandscapeLeft UIInterfaceOrientationLandscapeRight";
				LD_RUNPATH_SEARCH_PATHS = (
					"$(inherited)",
					"@executable_path/Frameworks",
				);
				MARKETING_VERSION = 1.0;
				PRODUCT_BUNDLE_IDENTIFIER = com.palwork.marvelChallenge;
				PRODUCT_NAME = "$(TARGET_NAME)";
				SWIFT_EMIT_LOC_STRINGS = YES;
				SWIFT_OBJC_BRIDGING_HEADER = "marvelChallenge/ThirdParty/marvelChallenge-Bridging-Header.h";
				SWIFT_OPTIMIZATION_LEVEL = "-Onone";
				SWIFT_VERSION = 5.0;
				TARGETED_DEVICE_FAMILY = "1,2";
			};
			name = Debug;
		};
		2A7A2F8E2BBAD256003BD90C /* Release */ = {
			isa = XCBuildConfiguration;
			buildSettings = {
				ASSETCATALOG_COMPILER_APPICON_NAME = AppIcon;
				ASSETCATALOG_COMPILER_GLOBAL_ACCENT_COLOR_NAME = AccentColor;
				CLANG_ENABLE_MODULES = YES;
				CODE_SIGN_STYLE = Automatic;
				CURRENT_PROJECT_VERSION = 1;
				DEVELOPMENT_TEAM = 92434FQTN2;
				GENERATE_INFOPLIST_FILE = YES;
				INFOPLIST_FILE = marvelChallenge/Info.plist;
				INFOPLIST_KEY_UIApplicationSupportsIndirectInputEvents = YES;
				INFOPLIST_KEY_UILaunchStoryboardName = LaunchScreen;
				INFOPLIST_KEY_UIMainStoryboardFile = Main;
				INFOPLIST_KEY_UISupportedInterfaceOrientations_iPad = "UIInterfaceOrientationPortrait UIInterfaceOrientationPortraitUpsideDown UIInterfaceOrientationLandscapeLeft UIInterfaceOrientationLandscapeRight";
				INFOPLIST_KEY_UISupportedInterfaceOrientations_iPhone = "UIInterfaceOrientationPortrait UIInterfaceOrientationLandscapeLeft UIInterfaceOrientationLandscapeRight";
				LD_RUNPATH_SEARCH_PATHS = (
					"$(inherited)",
					"@executable_path/Frameworks",
				);
				MARKETING_VERSION = 1.0;
				PRODUCT_BUNDLE_IDENTIFIER = com.palwork.marvelChallenge;
				PRODUCT_NAME = "$(TARGET_NAME)";
				SWIFT_EMIT_LOC_STRINGS = YES;
				SWIFT_OBJC_BRIDGING_HEADER = "marvelChallenge/ThirdParty/marvelChallenge-Bridging-Header.h";
				SWIFT_VERSION = 5.0;
				TARGETED_DEVICE_FAMILY = "1,2";
			};
			name = Release;
		};
/* End XCBuildConfiguration section */

/* Begin XCConfigurationList section */
		2A7A2F732BBAD254003BD90C /* Build configuration list for PBXProject "marvelChallenge" */ = {
			isa = XCConfigurationList;
			buildConfigurations = (
				2A7A2F8A2BBAD256003BD90C /* Debug */,
				2A7A2F8B2BBAD256003BD90C /* Release */,
			);
			defaultConfigurationIsVisible = 0;
			defaultConfigurationName = Release;
		};
		2A7A2F8C2BBAD256003BD90C /* Build configuration list for PBXNativeTarget "marvelChallenge" */ = {
			isa = XCConfigurationList;
			buildConfigurations = (
				2A7A2F8D2BBAD256003BD90C /* Debug */,
				2A7A2F8E2BBAD256003BD90C /* Release */,
			);
			defaultConfigurationIsVisible = 0;
			defaultConfigurationName = Release;
		};
/* End XCConfigurationList section */
	};
	rootObject = 2A7A2F702BBAD254003BD90C /* Project object */;
}
